// !$*UTF8*$!
{
	archiveVersion = 1;
	classes = {
	};
	objectVersion = 50;
	objects = {

/* Begin PBXBuildFile section */
		B055CEAF533CA1C6E0A8A6EE /* Pods_checkYourself.framework in Frameworks */ = {isa = PBXBuildFile; fileRef = F9384D95C62E201C07273A67 /* Pods_checkYourself.framework */; };
		B309AD2420EC45EE00D11A99 /* ViewControllerOptionalRelief.swift in Sources */ = {isa = PBXBuildFile; fileRef = B309AD2320EC45EE00D11A99 /* ViewControllerOptionalRelief.swift */; };
		B309AD2620EE9C1A00D11A99 /* ViewControllerWellness.swift in Sources */ = {isa = PBXBuildFile; fileRef = B309AD2520EE9C1A00D11A99 /* ViewControllerWellness.swift */; };
		B309AD2820EEB0E700D11A99 /* ViewControllerSulk.swift in Sources */ = {isa = PBXBuildFile; fileRef = B309AD2720EEB0E700D11A99 /* ViewControllerSulk.swift */; };
		B330940520FD236A00B5D946 /* ViewControllerMusic.swift in Sources */ = {isa = PBXBuildFile; fileRef = B330940420FD236A00B5D946 /* ViewControllerMusic.swift */; };
		B358B94820F3D2AA0081AC55 /* ViewControllerLogin.swift in Sources */ = {isa = PBXBuildFile; fileRef = B358B94720F3D2AA0081AC55 /* ViewControllerLogin.swift */; };
		B38C895B20EAD2820041B715 /* AppDelegate.swift in Sources */ = {isa = PBXBuildFile; fileRef = B38C895A20EAD2820041B715 /* AppDelegate.swift */; };
		B38C895D20EAD2820041B715 /* ViewController.swift in Sources */ = {isa = PBXBuildFile; fileRef = B38C895C20EAD2820041B715 /* ViewController.swift */; };
		B38C896020EAD2820041B715 /* Main.storyboard in Resources */ = {isa = PBXBuildFile; fileRef = B38C895E20EAD2820041B715 /* Main.storyboard */; };
		B38C896220EAD2840041B715 /* Assets.xcassets in Resources */ = {isa = PBXBuildFile; fileRef = B38C896120EAD2840041B715 /* Assets.xcassets */; };
		B38C896520EAD2840041B715 /* LaunchScreen.storyboard in Resources */ = {isa = PBXBuildFile; fileRef = B38C896320EAD2840041B715 /* LaunchScreen.storyboard */; };
		B38C896D20EAD8370041B715 /* HomeViewController.swift in Sources */ = {isa = PBXBuildFile; fileRef = B38C896C20EAD8370041B715 /* HomeViewController.swift */; };
		B38C896F20EAE6420041B715 /* 232767479017212.png in Resources */ = {isa = PBXBuildFile; fileRef = B38C896E20EAE6420041B715 /* 232767479017212.png */; };
		B38C897720EC2B320041B715 /* CollectionViewCell.swift in Sources */ = {isa = PBXBuildFile; fileRef = B38C897620EC2B320041B715 /* CollectionViewCell.swift */; };
		B38C897920EC2D7B0041B715 /* ViewControllerCheckin.swift in Sources */ = {isa = PBXBuildFile; fileRef = B38C897820EC2D7B0041B715 /* ViewControllerCheckin.swift */; };
		B3AF5C8620F572AB004ACC08 /* Config.swift in Sources */ = {isa = PBXBuildFile; fileRef = B3AF5C8520F572AB004ACC08 /* Config.swift */; };
/* End PBXBuildFile section */

/* Begin PBXFileReference section */
		593856841AD0012F986DE459 /* Pods-checkYourself.debug.xcconfig */ = {isa = PBXFileReference; includeInIndex = 1; lastKnownFileType = text.xcconfig; name = "Pods-checkYourself.debug.xcconfig"; path = "Pods/Target Support Files/Pods-checkYourself/Pods-checkYourself.debug.xcconfig"; sourceTree = "<group>"; };
		59C4E9D74EF12469B0AC71AB /* Pods-checkYourself.release.xcconfig */ = {isa = PBXFileReference; includeInIndex = 1; lastKnownFileType = text.xcconfig; name = "Pods-checkYourself.release.xcconfig"; path = "Pods/Target Support Files/Pods-checkYourself/Pods-checkYourself.release.xcconfig"; sourceTree = "<group>"; };
		B309AD2320EC45EE00D11A99 /* ViewControllerOptionalRelief.swift */ = {isa = PBXFileReference; lastKnownFileType = sourcecode.swift; path = ViewControllerOptionalRelief.swift; sourceTree = "<group>"; };
		B309AD2520EE9C1A00D11A99 /* ViewControllerWellness.swift */ = {isa = PBXFileReference; lastKnownFileType = sourcecode.swift; path = ViewControllerWellness.swift; sourceTree = "<group>"; };
		B309AD2720EEB0E700D11A99 /* ViewControllerSulk.swift */ = {isa = PBXFileReference; lastKnownFileType = sourcecode.swift; path = ViewControllerSulk.swift; sourceTree = "<group>"; };
		B330940420FD236A00B5D946 /* ViewControllerMusic.swift */ = {isa = PBXFileReference; lastKnownFileType = sourcecode.swift; path = ViewControllerMusic.swift; sourceTree = "<group>"; };
		B358B94720F3D2AA0081AC55 /* ViewControllerLogin.swift */ = {isa = PBXFileReference; lastKnownFileType = sourcecode.swift; path = ViewControllerLogin.swift; sourceTree = "<group>"; };
		B38C895720EAD2820041B715 /* checkYourself.app */ = {isa = PBXFileReference; explicitFileType = wrapper.application; includeInIndex = 0; path = checkYourself.app; sourceTree = BUILT_PRODUCTS_DIR; };
		B38C895A20EAD2820041B715 /* AppDelegate.swift */ = {isa = PBXFileReference; lastKnownFileType = sourcecode.swift; path = AppDelegate.swift; sourceTree = "<group>"; };
		B38C895C20EAD2820041B715 /* ViewController.swift */ = {isa = PBXFileReference; lastKnownFileType = sourcecode.swift; path = ViewController.swift; sourceTree = "<group>"; };
		B38C895F20EAD2820041B715 /* Base */ = {isa = PBXFileReference; lastKnownFileType = file.storyboard; name = Base; path = Base.lproj/Main.storyboard; sourceTree = "<group>"; };
		B38C896120EAD2840041B715 /* Assets.xcassets */ = {isa = PBXFileReference; lastKnownFileType = folder.assetcatalog; path = Assets.xcassets; sourceTree = "<group>"; };
		B38C896420EAD2840041B715 /* Base */ = {isa = PBXFileReference; lastKnownFileType = file.storyboard; name = Base; path = Base.lproj/LaunchScreen.storyboard; sourceTree = "<group>"; };
		B38C896620EAD2840041B715 /* Info.plist */ = {isa = PBXFileReference; lastKnownFileType = text.plist.xml; path = Info.plist; sourceTree = "<group>"; };
		B38C896C20EAD8370041B715 /* HomeViewController.swift */ = {isa = PBXFileReference; lastKnownFileType = sourcecode.swift; path = HomeViewController.swift; sourceTree = "<group>"; };
		B38C896E20EAE6420041B715 /* 232767479017212.png */ = {isa = PBXFileReference; lastKnownFileType = image.png; path = 232767479017212.png; sourceTree = "<group>"; };
		B38C897620EC2B320041B715 /* CollectionViewCell.swift */ = {isa = PBXFileReference; lastKnownFileType = sourcecode.swift; path = CollectionViewCell.swift; sourceTree = "<group>"; };
		B38C897820EC2D7B0041B715 /* ViewControllerCheckin.swift */ = {isa = PBXFileReference; lastKnownFileType = sourcecode.swift; path = ViewControllerCheckin.swift; sourceTree = "<group>"; };
		B3AF5C8520F572AB004ACC08 /* Config.swift */ = {isa = PBXFileReference; lastKnownFileType = sourcecode.swift; path = Config.swift; sourceTree = "<group>"; };
		F9384D95C62E201C07273A67 /* Pods_checkYourself.framework */ = {isa = PBXFileReference; explicitFileType = wrapper.framework; includeInIndex = 0; path = Pods_checkYourself.framework; sourceTree = BUILT_PRODUCTS_DIR; };
/* End PBXFileReference section */

/* Begin PBXFrameworksBuildPhase section */
		B38C895420EAD2820041B715 /* Frameworks */ = {
			isa = PBXFrameworksBuildPhase;
			buildActionMask = 2147483647;
			files = (
				B055CEAF533CA1C6E0A8A6EE /* Pods_checkYourself.framework in Frameworks */,
			);
			runOnlyForDeploymentPostprocessing = 0;
		};
/* End PBXFrameworksBuildPhase section */

/* Begin PBXGroup section */
		28F1072AD4C13D0C5439BEC1 /* Frameworks */ = {
			isa = PBXGroup;
			children = (
				F9384D95C62E201C07273A67 /* Pods_checkYourself.framework */,
			);
			name = Frameworks;
			sourceTree = "<group>";
		};
		A219E65F5F583DCA146E3776 /* Pods */ = {
			isa = PBXGroup;
			children = (
				593856841AD0012F986DE459 /* Pods-checkYourself.debug.xcconfig */,
				59C4E9D74EF12469B0AC71AB /* Pods-checkYourself.release.xcconfig */,
			);
			name = Pods;
			sourceTree = "<group>";
		};
		B38C894E20EAD2820041B715 = {
			isa = PBXGroup;
			children = (
				B38C895920EAD2820041B715 /* checkYourself */,
				B38C895820EAD2820041B715 /* Products */,
				A219E65F5F583DCA146E3776 /* Pods */,
				28F1072AD4C13D0C5439BEC1 /* Frameworks */,
			);
			sourceTree = "<group>";
		};
		B38C895820EAD2820041B715 /* Products */ = {
			isa = PBXGroup;
			children = (
				B38C895720EAD2820041B715 /* checkYourself.app */,
			);
			name = Products;
			sourceTree = "<group>";
		};
		B38C895920EAD2820041B715 /* checkYourself */ = {
			isa = PBXGroup;
			children = (
				B38C895E20EAD2820041B715 /* Main.storyboard */,
				B38C895A20EAD2820041B715 /* AppDelegate.swift */,
				B38C895C20EAD2820041B715 /* ViewController.swift */,
				B358B94720F3D2AA0081AC55 /* ViewControllerLogin.swift */,
				B38C896C20EAD8370041B715 /* HomeViewController.swift */,
				B38C897620EC2B320041B715 /* CollectionViewCell.swift */,
				B38C897820EC2D7B0041B715 /* ViewControllerCheckin.swift */,
				B309AD2320EC45EE00D11A99 /* ViewControllerOptionalRelief.swift */,
				B309AD2520EE9C1A00D11A99 /* ViewControllerWellness.swift */,
				B330940420FD236A00B5D946 /* ViewControllerMusic.swift */,
				B309AD2720EEB0E700D11A99 /* ViewControllerSulk.swift */,
				B38C896120EAD2840041B715 /* Assets.xcassets */,
				B38C896E20EAE6420041B715 /* 232767479017212.png */,
				B38C896320EAD2840041B715 /* LaunchScreen.storyboard */,
				B38C896620EAD2840041B715 /* Info.plist */,
				B3AF5C8520F572AB004ACC08 /* Config.swift */,
			);
			path = checkYourself;
			sourceTree = "<group>";
		};
/* End PBXGroup section */

/* Begin PBXNativeTarget section */
		B38C895620EAD2820041B715 /* checkYourself */ = {
			isa = PBXNativeTarget;
			buildConfigurationList = B38C896920EAD2840041B715 /* Build configuration list for PBXNativeTarget "checkYourself" */;
			buildPhases = (
				BBBF7B622B262B2EF2582CEE /* [CP] Check Pods Manifest.lock */,
				B38C895320EAD2820041B715 /* Sources */,
				B38C895420EAD2820041B715 /* Frameworks */,
				B38C895520EAD2820041B715 /* Resources */,
				2939C6AFCD7422FDF405D5A8 /* [CP] Embed Pods Frameworks */,
			);
			buildRules = (
			);
			dependencies = (
			);
			name = checkYourself;
			productName = checkYourself;
			productReference = B38C895720EAD2820041B715 /* checkYourself.app */;
			productType = "com.apple.product-type.application";
		};
/* End PBXNativeTarget section */

/* Begin PBXProject section */
		B38C894F20EAD2820041B715 /* Project object */ = {
			isa = PBXProject;
			attributes = {
				LastSwiftUpdateCheck = 0940;
				LastUpgradeCheck = 0940;
				ORGANIZATIONNAME = "kiera thomasson";
				TargetAttributes = {
					B38C895620EAD2820041B715 = {
						CreatedOnToolsVersion = 9.4.1;
					};
				};
			};
			buildConfigurationList = B38C895220EAD2820041B715 /* Build configuration list for PBXProject "checkYourself" */;
			compatibilityVersion = "Xcode 9.3";
			developmentRegion = en;
			hasScannedForEncodings = 0;
			knownRegions = (
				en,
				Base,
			);
			mainGroup = B38C894E20EAD2820041B715;
			productRefGroup = B38C895820EAD2820041B715 /* Products */;
			projectDirPath = "";
			projectRoot = "";
			targets = (
				B38C895620EAD2820041B715 /* checkYourself */,
			);
		};
/* End PBXProject section */

/* Begin PBXResourcesBuildPhase section */
		B38C895520EAD2820041B715 /* Resources */ = {
			isa = PBXResourcesBuildPhase;
			buildActionMask = 2147483647;
			files = (
				B38C896520EAD2840041B715 /* LaunchScreen.storyboard in Resources */,
				B38C896220EAD2840041B715 /* Assets.xcassets in Resources */,
				B38C896F20EAE6420041B715 /* 232767479017212.png in Resources */,
				B38C896020EAD2820041B715 /* Main.storyboard in Resources */,
			);
			runOnlyForDeploymentPostprocessing = 0;
		};
/* End PBXResourcesBuildPhase section */

/* Begin PBXShellScriptBuildPhase section */
		2939C6AFCD7422FDF405D5A8 /* [CP] Embed Pods Frameworks */ = {
			isa = PBXShellScriptBuildPhase;
			buildActionMask = 12;
			files = (
			);
			inputPaths = (
				"${SRCROOT}/Pods/Target Support Files/Pods-checkYourself/Pods-checkYourself-frameworks.sh",
				"${BUILT_PRODUCTS_DIR}/SpotifyLogin/SpotifyLogin.framework",
			);
			name = "[CP] Embed Pods Frameworks";
			outputPaths = (
				"${TARGET_BUILD_DIR}/${FRAMEWORKS_FOLDER_PATH}/SpotifyLogin.framework",
			);
			runOnlyForDeploymentPostprocessing = 0;
			shellPath = /bin/sh;
			shellScript = "\"${SRCROOT}/Pods/Target Support Files/Pods-checkYourself/Pods-checkYourself-frameworks.sh\"\n";
			showEnvVarsInLog = 0;
		};
		BBBF7B622B262B2EF2582CEE /* [CP] Check Pods Manifest.lock */ = {
			isa = PBXShellScriptBuildPhase;
			buildActionMask = 2147483647;
			files = (
			);
			inputPaths = (
				"${PODS_PODFILE_DIR_PATH}/Podfile.lock",
				"${PODS_ROOT}/Manifest.lock",
			);
			name = "[CP] Check Pods Manifest.lock";
			outputPaths = (
				"$(DERIVED_FILE_DIR)/Pods-checkYourself-checkManifestLockResult.txt",
			);
			runOnlyForDeploymentPostprocessing = 0;
			shellPath = /bin/sh;
			shellScript = "diff \"${PODS_PODFILE_DIR_PATH}/Podfile.lock\" \"${PODS_ROOT}/Manifest.lock\" > /dev/null\nif [ $? != 0 ] ; then\n    # print error to STDERR\n    echo \"error: The sandbox is not in sync with the Podfile.lock. Run 'pod install' or update your CocoaPods installation.\" >&2\n    exit 1\nfi\n# This output is used by Xcode 'outputs' to avoid re-running this script phase.\necho \"SUCCESS\" > \"${SCRIPT_OUTPUT_FILE_0}\"\n";
			showEnvVarsInLog = 0;
		};
/* End PBXShellScriptBuildPhase section */

/* Begin PBXSourcesBuildPhase section */
		B38C895320EAD2820041B715 /* Sources */ = {
			isa = PBXSourcesBuildPhase;
			buildActionMask = 2147483647;
			files = (
				B358B94820F3D2AA0081AC55 /* ViewControllerLogin.swift in Sources */,
				B38C895D20EAD2820041B715 /* ViewController.swift in Sources */,
				B309AD2820EEB0E700D11A99 /* ViewControllerSulk.swift in Sources */,
				B309AD2420EC45EE00D11A99 /* ViewControllerOptionalRelief.swift in Sources */,
				B3AF5C8620F572AB004ACC08 /* Config.swift in Sources */,
				B38C897720EC2B320041B715 /* CollectionViewCell.swift in Sources */,
				B38C897920EC2D7B0041B715 /* ViewControllerCheckin.swift in Sources */,
				B330940520FD236A00B5D946 /* ViewControllerMusic.swift in Sources */,
				B309AD2620EE9C1A00D11A99 /* ViewControllerWellness.swift in Sources */,
				B38C895B20EAD2820041B715 /* AppDelegate.swift in Sources */,
				B38C896D20EAD8370041B715 /* HomeViewController.swift in Sources */,
			);
			runOnlyForDeploymentPostprocessing = 0;
		};
/* End PBXSourcesBuildPhase section */

/* Begin PBXVariantGroup section */
		B38C895E20EAD2820041B715 /* Main.storyboard */ = {
			isa = PBXVariantGroup;
			children = (
				B38C895F20EAD2820041B715 /* Base */,
			);
			name = Main.storyboard;
			sourceTree = "<group>";
		};
		B38C896320EAD2840041B715 /* LaunchScreen.storyboard */ = {
			isa = PBXVariantGroup;
			children = (
				B38C896420EAD2840041B715 /* Base */,
			);
			name = LaunchScreen.storyboard;
			sourceTree = "<group>";
		};
/* End PBXVariantGroup section */

/* Begin XCBuildConfiguration section */
		B38C896720EAD2840041B715 /* Debug */ = {
			isa = XCBuildConfiguration;
			buildSettings = {
				ALWAYS_SEARCH_USER_PATHS = NO;
				CLANG_ANALYZER_NONNULL = YES;
				CLANG_ANALYZER_NUMBER_OBJECT_CONVERSION = YES_AGGRESSIVE;
				CLANG_CXX_LANGUAGE_STANDARD = "gnu++14";
				CLANG_CXX_LIBRARY = "libc++";
				CLANG_ENABLE_MODULES = YES;
				CLANG_ENABLE_OBJC_ARC = YES;
				CLANG_ENABLE_OBJC_WEAK = YES;
				CLANG_WARN_BLOCK_CAPTURE_AUTORELEASING = YES;
				CLANG_WARN_BOOL_CONVERSION = YES;
				CLANG_WARN_COMMA = YES;
				CLANG_WARN_CONSTANT_CONVERSION = YES;
				CLANG_WARN_DEPRECATED_OBJC_IMPLEMENTATIONS = YES;
				CLANG_WARN_DIRECT_OBJC_ISA_USAGE = YES_ERROR;
				CLANG_WARN_DOCUMENTATION_COMMENTS = YES;
				CLANG_WARN_EMPTY_BODY = YES;
				CLANG_WARN_ENUM_CONVERSION = YES;
				CLANG_WARN_INFINITE_RECURSION = YES;
				CLANG_WARN_INT_CONVERSION = YES;
				CLANG_WARN_NON_LITERAL_NULL_CONVERSION = YES;
				CLANG_WARN_OBJC_IMPLICIT_RETAIN_SELF = YES;
				CLANG_WARN_OBJC_LITERAL_CONVERSION = YES;
				CLANG_WARN_OBJC_ROOT_CLASS = YES_ERROR;
				CLANG_WARN_RANGE_LOOP_ANALYSIS = YES;
				CLANG_WARN_STRICT_PROTOTYPES = YES;
				CLANG_WARN_SUSPICIOUS_MOVE = YES;
				CLANG_WARN_UNGUARDED_AVAILABILITY = YES_AGGRESSIVE;
				CLANG_WARN_UNREACHABLE_CODE = YES;
				CLANG_WARN__DUPLICATE_METHOD_MATCH = YES;
				CODE_SIGN_IDENTITY = "iPhone Developer";
				COPY_PHASE_STRIP = NO;
				DEBUG_INFORMATION_FORMAT = dwarf;
				ENABLE_STRICT_OBJC_MSGSEND = YES;
				ENABLE_TESTABILITY = YES;
				GCC_C_LANGUAGE_STANDARD = gnu11;
				GCC_DYNAMIC_NO_PIC = NO;
				GCC_NO_COMMON_BLOCKS = YES;
				GCC_OPTIMIZATION_LEVEL = 0;
				GCC_PREPROCESSOR_DEFINITIONS = (
					"DEBUG=1",
					"$(inherited)",
				);
				GCC_WARN_64_TO_32_BIT_CONVERSION = YES;
				GCC_WARN_ABOUT_RETURN_TYPE = YES_ERROR;
				GCC_WARN_UNDECLARED_SELECTOR = YES;
				GCC_WARN_UNINITIALIZED_AUTOS = YES_AGGRESSIVE;
				GCC_WARN_UNUSED_FUNCTION = YES;
				GCC_WARN_UNUSED_VARIABLE = YES;
				IPHONEOS_DEPLOYMENT_TARGET = 11.4;
				MTL_ENABLE_DEBUG_INFO = YES;
				ONLY_ACTIVE_ARCH = YES;
				SDKROOT = iphoneos;
				SWIFT_ACTIVE_COMPILATION_CONDITIONS = DEBUG;
				SWIFT_OPTIMIZATION_LEVEL = "-Onone";
			};
			name = Debug;
		};
		B38C896820EAD2840041B715 /* Release */ = {
			isa = XCBuildConfiguration;
			buildSettings = {
				ALWAYS_SEARCH_USER_PATHS = NO;
				CLANG_ANALYZER_NONNULL = YES;
				CLANG_ANALYZER_NUMBER_OBJECT_CONVERSION = YES_AGGRESSIVE;
				CLANG_CXX_LANGUAGE_STANDARD = "gnu++14";
				CLANG_CXX_LIBRARY = "libc++";
				CLANG_ENABLE_MODULES = YES;
				CLANG_ENABLE_OBJC_ARC = YES;
				CLANG_ENABLE_OBJC_WEAK = YES;
				CLANG_WARN_BLOCK_CAPTURE_AUTORELEASING = YES;
				CLANG_WARN_BOOL_CONVERSION = YES;
				CLANG_WARN_COMMA = YES;
				CLANG_WARN_CONSTANT_CONVERSION = YES;
				CLANG_WARN_DEPRECATED_OBJC_IMPLEMENTATIONS = YES;
				CLANG_WARN_DIRECT_OBJC_ISA_USAGE = YES_ERROR;
				CLANG_WARN_DOCUMENTATION_COMMENTS = YES;
				CLANG_WARN_EMPTY_BODY = YES;
				CLANG_WARN_ENUM_CONVERSION = YES;
				CLANG_WARN_INFINITE_RECURSION = YES;
				CLANG_WARN_INT_CONVERSION = YES;
				CLANG_WARN_NON_LITERAL_NULL_CONVERSION = YES;
				CLANG_WARN_OBJC_IMPLICIT_RETAIN_SELF = YES;
				CLANG_WARN_OBJC_LITERAL_CONVERSION = YES;
				CLANG_WARN_OBJC_ROOT_CLASS = YES_ERROR;
				CLANG_WARN_RANGE_LOOP_ANALYSIS = YES;
				CLANG_WARN_STRICT_PROTOTYPES = YES;
				CLANG_WARN_SUSPICIOUS_MOVE = YES;
				CLANG_WARN_UNGUARDED_AVAILABILITY = YES_AGGRESSIVE;
				CLANG_WARN_UNREACHABLE_CODE = YES;
				CLANG_WARN__DUPLICATE_METHOD_MATCH = YES;
				CODE_SIGN_IDENTITY = "iPhone Developer";
				COPY_PHASE_STRIP = NO;
				DEBUG_INFORMATION_FORMAT = "dwarf-with-dsym";
				ENABLE_NS_ASSERTIONS = NO;
				ENABLE_STRICT_OBJC_MSGSEND = YES;
				GCC_C_LANGUAGE_STANDARD = gnu11;
				GCC_NO_COMMON_BLOCKS = YES;
				GCC_WARN_64_TO_32_BIT_CONVERSION = YES;
				GCC_WARN_ABOUT_RETURN_TYPE = YES_ERROR;
				GCC_WARN_UNDECLARED_SELECTOR = YES;
				GCC_WARN_UNINITIALIZED_AUTOS = YES_AGGRESSIVE;
				GCC_WARN_UNUSED_FUNCTION = YES;
				GCC_WARN_UNUSED_VARIABLE = YES;
				IPHONEOS_DEPLOYMENT_TARGET = 11.4;
				MTL_ENABLE_DEBUG_INFO = NO;
				SDKROOT = iphoneos;
				SWIFT_COMPILATION_MODE = wholemodule;
				SWIFT_OPTIMIZATION_LEVEL = "-O";
				VALIDATE_PRODUCT = YES;
			};
			name = Release;
		};
		B38C896A20EAD2840041B715 /* Debug */ = {
			isa = XCBuildConfiguration;
			baseConfigurationReference = 593856841AD0012F986DE459 /* Pods-checkYourself.debug.xcconfig */;
			buildSettings = {
				ASSETCATALOG_COMPILER_APPICON_NAME = AppIcon;
				CODE_SIGN_IDENTITY = "iPhone Developer";
				CODE_SIGN_STYLE = Automatic;
				DEVELOPMENT_TEAM = 8C6K894Y3L;
				INFOPLIST_FILE = checkYourself/Info.plist;
				IPHONEOS_DEPLOYMENT_TARGET = 11.3;
				LD_RUNPATH_SEARCH_PATHS = (
					"$(inherited)",
					"@executable_path/Frameworks",
				);
				"OTHER_LDFLAGS[arch=*]" = (
					"$(inherited)",
					"-framework",
					"\"SpotifyLogin\"",
					"-ObjC",
				);
				PRODUCT_BUNDLE_IDENTIFIER = PersonalLearning.checkYourself;
				PRODUCT_NAME = "$(TARGET_NAME)";
				SWIFT_VERSION = 4.0;
				TARGETED_DEVICE_FAMILY = "1,2";
			};
			name = Debug;
		};
		B38C896B20EAD2840041B715 /* Release */ = {
			isa = XCBuildConfiguration;
			baseConfigurationReference = 59C4E9D74EF12469B0AC71AB /* Pods-checkYourself.release.xcconfig */;
			buildSettings = {
				ASSETCATALOG_COMPILER_APPICON_NAME = AppIcon;
				CODE_SIGN_IDENTITY = "iPhone Developer";
				CODE_SIGN_STYLE = Automatic;
				DEVELOPMENT_TEAM = 8C6K894Y3L;
				INFOPLIST_FILE = checkYourself/Info.plist;
				IPHONEOS_DEPLOYMENT_TARGET = 11.3;
				LD_RUNPATH_SEARCH_PATHS = (
					"$(inherited)",
					"@executable_path/Frameworks",
				);
				OTHER_LDFLAGS = (
					"$(inherited)",
					"-framework",
					"\"SpotifyLogin\"",
					"-ObjC",
				);
				PRODUCT_BUNDLE_IDENTIFIER = PersonalLearning.checkYourself;
				PRODUCT_NAME = "$(TARGET_NAME)";
				SWIFT_VERSION = 4.0;
				TARGETED_DEVICE_FAMILY = "1,2";
			};
			name = Release;
		};
/* End XCBuildConfiguration section */

/* Begin XCConfigurationList section */
		B38C895220EAD2820041B715 /* Build configuration list for PBXProject "checkYourself" */ = {
			isa = XCConfigurationList;
			buildConfigurations = (
				B38C896720EAD2840041B715 /* Debug */,
				B38C896820EAD2840041B715 /* Release */,
			);
			defaultConfigurationIsVisible = 0;
			defaultConfigurationName = Release;
		};
		B38C896920EAD2840041B715 /* Build configuration list for PBXNativeTarget "checkYourself" */ = {
			isa = XCConfigurationList;
			buildConfigurations = (
				B38C896A20EAD2840041B715 /* Debug */,
				B38C896B20EAD2840041B715 /* Release */,
			);
			defaultConfigurationIsVisible = 0;
			defaultConfigurationName = Release;
		};
/* End XCConfigurationList section */
	};
	rootObject = B38C894F20EAD2820041B715 /* Project object */;
}
